
Microsoft Visual Studio Solution File, Format Version 12.00
# Visual Studio Version 16
VisualStudioVersion = 16.0.30011.22
MinimumVisualStudioVersion = 10.0.40219.1
Project("{FAE04EC0-301F-11D3-BF4B-00C04F79EFBC}") = "ServerFramework", "Server\ServerFramework.csproj", "{347A6FAF-865A-480D-8EB3-0EE878BCD97B}"
EndProject
Project("{2150E333-8FDC-42A3-9474-1A3956D46DE8}") = "Protobuf", "Protobuf", "{5F0B8AAC-3978-4AFB-A555-3D011BF44EA8}"
	ProjectSection(SolutionItems) = preProject
		Server\Protobuf\build.bat = Server\Protobuf\build.bat
		Server\Protobuf\libprotobufd.lib = Server\Protobuf\libprotobufd.lib
		Server\Protobuf\libprotocd.lib = Server\Protobuf\libprotocd.lib
		Server\Protobuf\protoc.exe = Server\Protobuf\protoc.exe
		Server\Protobuf\protoc.ilk = Server\Protobuf\protoc.ilk
		Server\Protobuf\protoc.pdb = Server\Protobuf\protoc.pdb
		Server\Protobuf\SocketDemoProtocol.proto = Server\Protobuf\SocketDemoProtocol.proto
		Server\Protobuf\导出生成&使用方法.txt = Server\Protobuf\导出生成&使用方法.txt
	EndProjectSection
EndProject
Global
	GlobalSection(SolutionConfigurationPlatforms) = preSolution
		Debug|Any CPU = Debug|Any CPU
		Release|Any CPU = Release|Any CPU
	EndGlobalSection
	GlobalSection(ProjectConfigurationPlatforms) = postSolution
		{347A6FAF-865A-480D-8EB3-0EE878BCD97B}.Debug|Any CPU.ActiveCfg = Debug|Any CPU
		{347A6FAF-865A-480D-8EB3-0EE878BCD97B}.Debug|Any CPU.Build.0 = Debug|Any CPU
		{347A6FAF-865A-480D-8EB3-0EE878BCD97B}.Release|Any CPU.ActiveCfg = Release|Any CPU
		{347A6FAF-865A-480D-8EB3-0EE878BCD97B}.Release|Any CPU.Build.0 = Release|Any CPU
	EndGlobalSection
	GlobalSection(SolutionProperties) = preSolution
		HideSolutionNode = FALSE
	EndGlobalSection
	GlobalSection(ExtensibilityGlobals) = postSolution
		SolutionGuid = {E3ABF69F-222A-4545-B06D-1D6D4D7F6696}
	EndGlobalSection
EndGlobal
